
Microsoft Visual Studio Solution File, Format Version 12.00
# Visual Studio 2012
Project("{2150E333-8FDC-42A3-9474-1A3956D46DE8}") = "Lib", "Lib", "{F69285DD-24FB-4A60-AE8B-4C2744285D0F}"
	ProjectSection(SolutionItems) = preProject
		Lib\NUnit\Silverlight\nunit.framework.dll = Lib\NUnit\Silverlight\nunit.framework.dll
	EndProjectSection
EndProject
Project("{FAE04EC0-301F-11D3-BF4B-00C04F79EFBC}") = "Newtonsoft.Json.WindowsPhone", "Newtonsoft.Json\Newtonsoft.Json.WindowsPhone.csproj", "{7A7F70AB-5C07-47ED-BDD2-ECC14DBACA5E}"
EndProject
Project("{FAE04EC0-301F-11D3-BF4B-00C04F79EFBC}") = "Newtonsoft.Json.Tests.WindowsPhone", "Newtonsoft.Json.Tests\Newtonsoft.Json.Tests.WindowsPhone.csproj", "{5ED71C8C-D0A6-487C-9A8C-BB855ECEAF75}"
EndProject
Global
	GlobalSection(SolutionConfigurationPlatforms) = preSolution
		Debug|Any CPU = Debug|Any CPU
		Release|Any CPU = Release|Any CPU
	EndGlobalSection
	GlobalSection(ProjectConfigurationPlatforms) = postSolution
		{7A7F70AB-5C07-47ED-BDD2-ECC14DBACA5E}.Debug|Any CPU.ActiveCfg = Debug|Any CPU
		{7A7F70AB-5C07-47ED-BDD2-ECC14DBACA5E}.Debug|Any CPU.Build.0 = Debug|Any CPU
		{7A7F70AB-5C07-47ED-BDD2-ECC14DBACA5E}.Release|Any CPU.ActiveCfg = Release|Any CPU
		{7A7F70AB-5C07-47ED-BDD2-ECC14DBACA5E}.Release|Any CPU.Build.0 = Release|Any CPU
		{5ED71C8C-D0A6-487C-9A8C-BB855ECEAF75}.Debug|Any CPU.ActiveCfg = Debug|Any CPU
		{5ED71C8C-D0A6-487C-9A8C-BB855ECEAF75}.Debug|Any CPU.Build.0 = Debug|Any CPU
		{5ED71C8C-D0A6-487C-9A8C-BB855ECEAF75}.Release|Any CPU.ActiveCfg = Release|Any CPU
		{5ED71C8C-D0A6-487C-9A8C-BB855ECEAF75}.Release|Any CPU.Build.0 = Release|Any CPU
	EndGlobalSection
	GlobalSection(SolutionProperties) = preSolution
		HideSolutionNode = FALSE
	EndGlobalSection
EndGlobal
