
Microsoft Visual Studio Solution File, Format Version 12.00
# Visual Studio 2012
Project("{FAE04EC0-301F-11D3-BF4B-00C04F79EFBC}") = "Newtonsoft.Json", "Newtonsoft.Json\Newtonsoft.Json.iOS.csproj", "{74D544B4-FD50-45AC-B776-9F0D50B5EC61}"
EndProject
Global
	GlobalSection(SolutionConfigurationPlatforms) = preSolution
		Debug|Any CPU = Debug|Any CPU
		Release|Any CPU = Release|Any CPU
	EndGlobalSection
	GlobalSection(ProjectConfigurationPlatforms) = postSolution
		{74D544B4-FD50-45AC-B776-9F0D50B5EC61}.Debug|Any CPU.ActiveCfg = Debug|Any CPU
		{74D544B4-FD50-45AC-B776-9F0D50B5EC61}.Debug|Any CPU.Build.0 = Debug|Any CPU
		{74D544B4-FD50-45AC-B776-9F0D50B5EC61}.Release|Any CPU.ActiveCfg = Release|Any CPU
		{74D544B4-FD50-45AC-B776-9F0D50B5EC61}.Release|Any CPU.Build.0 = Release|Any CPU
	EndGlobalSection
	GlobalSection(MonoDevelopProperties) = preSolution
		StartupItem = Newtonsoft.Json\Newtonsoft.Json.iOS.csproj
	EndGlobalSection
EndGlobal
