
Microsoft Visual Studio Solution File, Format Version 12.00
# Visual Studio 2013
VisualStudioVersion = 12.0.30723.0
MinimumVisualStudioVersion = 10.0.40219.1
Project("{FAE04EC0-301F-11D3-BF4B-00C04F79EFBC}") = "Newtonsoft.Json", "Newtonsoft.Json\Newtonsoft.Json.csproj", "{EEEA67F9-9089-481D-A4DC-0966DEC9FD7D}"
EndProject
Project("{FAE04EC0-301F-11D3-BF4B-00C04F79EFBC}") = "Newtonsoft.Json.Tests", "Newtonsoft.Json.Tests\Newtonsoft.Json.Tests.csproj", "{CCD1B8C4-7349-409C-A090-A9B9A1ABD981}"
EndProject
Project("{FAE04EC0-301F-11D3-BF4B-00C04F79EFBC}") = "Newtonsoft.Json.TestConsole", "Newtonsoft.Json.TestConsole\Newtonsoft.Json.TestConsole.csproj", "{3CC9C2DF-CD0A-4096-BF46-B4AFDF0147D2}"
EndProject
Global
	GlobalSection(SolutionConfigurationPlatforms) = preSolution
		Debug|Any CPU = Debug|Any CPU
		Release|Any CPU = Release|Any CPU
	EndGlobalSection
	GlobalSection(ProjectConfigurationPlatforms) = postSolution
		{EEEA67F9-9089-481D-A4DC-0966DEC9FD7D}.Debug|Any CPU.ActiveCfg = Debug|Any CPU
		{EEEA67F9-9089-481D-A4DC-0966DEC9FD7D}.Debug|Any CPU.Build.0 = Debug|Any CPU
		{EEEA67F9-9089-481D-A4DC-0966DEC9FD7D}.Release|Any CPU.ActiveCfg = Release|Any CPU
		{EEEA67F9-9089-481D-A4DC-0966DEC9FD7D}.Release|Any CPU.Build.0 = Release|Any CPU
		{CCD1B8C4-7349-409C-A090-A9B9A1ABD981}.Debug|Any CPU.ActiveCfg = Debug|Any CPU
		{CCD1B8C4-7349-409C-A090-A9B9A1ABD981}.Debug|Any CPU.Build.0 = Debug|Any CPU
		{CCD1B8C4-7349-409C-A090-A9B9A1ABD981}.Release|Any CPU.ActiveCfg = Release|Any CPU
		{CCD1B8C4-7349-409C-A090-A9B9A1ABD981}.Release|Any CPU.Build.0 = Release|Any CPU
		{3CC9C2DF-CD0A-4096-BF46-B4AFDF0147D2}.Debug|Any CPU.ActiveCfg = Debug|Any CPU
		{3CC9C2DF-CD0A-4096-BF46-B4AFDF0147D2}.Debug|Any CPU.Build.0 = Debug|Any CPU
		{3CC9C2DF-CD0A-4096-BF46-B4AFDF0147D2}.Release|Any CPU.ActiveCfg = Release|Any CPU
		{3CC9C2DF-CD0A-4096-BF46-B4AFDF0147D2}.Release|Any CPU.Build.0 = Release|Any CPU
	EndGlobalSection
	GlobalSection(SolutionProperties) = preSolution
		HideSolutionNode = FALSE
	EndGlobalSection
EndGlobal
