
Microsoft Visual Studio Solution File, Format Version 11.00
# Visual Studio 2010
Project("{FAE04EC0-301F-11D3-BF4B-00C04F79EFBC}") = "Newtonsoft.Json.MonoTouch", "Newtonsoft.Json\Newtonsoft.Json.MonoTouch.csproj", "{4D6197AE-414F-4BDB-AF61-64F65F4557B6}"
EndProject
Global
	GlobalSection(SolutionConfigurationPlatforms) = preSolution
		Debug|Any CPU = Debug|Any CPU
		Release|Any CPU = Release|Any CPU
	EndGlobalSection
	GlobalSection(ProjectConfigurationPlatforms) = postSolution
		{4D6197AE-414F-4BDB-AF61-64F65F4557B6}.Debug|Any CPU.ActiveCfg = Debug|Any CPU
		{4D6197AE-414F-4BDB-AF61-64F65F4557B6}.Debug|Any CPU.Build.0 = Debug|Any CPU
		{4D6197AE-414F-4BDB-AF61-64F65F4557B6}.Release|Any CPU.ActiveCfg = Release|Any CPU
		{4D6197AE-414F-4BDB-AF61-64F65F4557B6}.Release|Any CPU.Build.0 = Release|Any CPU
	EndGlobalSection
	GlobalSection(MonoDevelopProperties) = preSolution
		StartupItem = Newtonsoft.Json\Newtonsoft.Json.MonoTouch.csproj
	EndGlobalSection
EndGlobal
