
Microsoft Visual Studio Solution File, Format Version 12.00
# Visual Studio 2013
VisualStudioVersion = 12.0.30324.0
Project("{FAE04EC0-301F-11D3-BF4B-00C04F79EFBC}") = "Newtonsoft.Json.Net35", "Newtonsoft.Json\Newtonsoft.Json.Net35.csproj", "{A9AE40FF-1A21-414A-9FE7-3BE13644CC6D}"
EndProject
Project("{FAE04EC0-301F-11D3-BF4B-00C04F79EFBC}") = "Newtonsoft.Json.Tests.Net35", "Newtonsoft.Json.Tests\Newtonsoft.Json.Tests.Net35.csproj", "{3E6E2335-B079-4B5B-A65A-9D586914BCBB}"
EndProject
Global
	GlobalSection(SolutionConfigurationPlatforms) = preSolution
		Debug|Any CPU = Debug|Any CPU
		Release|Any CPU = Release|Any CPU
	EndGlobalSection
	GlobalSection(ProjectConfigurationPlatforms) = postSolution
		{A9AE40FF-1A21-414A-9FE7-3BE13644CC6D}.Debug|Any CPU.ActiveCfg = Debug|Any CPU
		{A9AE40FF-1A21-414A-9FE7-3BE13644CC6D}.Debug|Any CPU.Build.0 = Debug|Any CPU
		{A9AE40FF-1A21-414A-9FE7-3BE13644CC6D}.Release|Any CPU.ActiveCfg = Release|Any CPU
		{A9AE40FF-1A21-414A-9FE7-3BE13644CC6D}.Release|Any CPU.Build.0 = Release|Any CPU
		{3E6E2335-B079-4B5B-A65A-9D586914BCBB}.Debug|Any CPU.ActiveCfg = Debug|Any CPU
		{3E6E2335-B079-4B5B-A65A-9D586914BCBB}.Debug|Any CPU.Build.0 = Debug|Any CPU
		{3E6E2335-B079-4B5B-A65A-9D586914BCBB}.Release|Any CPU.ActiveCfg = Release|Any CPU
		{3E6E2335-B079-4B5B-A65A-9D586914BCBB}.Release|Any CPU.Build.0 = Release|Any CPU
	EndGlobalSection
	GlobalSection(SolutionProperties) = preSolution
		HideSolutionNode = FALSE
	EndGlobalSection
EndGlobal
