
Microsoft Visual Studio Solution File, Format Version 12.00
# Visual Studio 14
VisualStudioVersion = 14.0.23107.0
MinimumVisualStudioVersion = 10.0.40219.1
Project("{FAE04EC0-301F-11D3-BF4B-00C04F79EFBC}") = "Newtonsoft.Json.Portable", "Newtonsoft.Json\Newtonsoft.Json.Portable.csproj", "{959F7F85-C98B-4876-971A-9036224578E4}"
EndProject
Project("{FAE04EC0-301F-11D3-BF4B-00C04F79EFBC}") = "Newtonsoft.Json.Tests.Portable", "Newtonsoft.Json.Tests\Newtonsoft.Json.Tests.Portable.csproj", "{3E6E2335-B079-4B5B-A65A-9D586914BCBB}"
EndProject
Global
	GlobalSection(SolutionConfigurationPlatforms) = preSolution
		Debug|Any CPU = Debug|Any CPU
		Release|Any CPU = Release|Any CPU
	EndGlobalSection
	GlobalSection(ProjectConfigurationPlatforms) = postSolution
		{959F7F85-C98B-4876-971A-9036224578E4}.Debug|Any CPU.ActiveCfg = Debug|Any CPU
		{959F7F85-C98B-4876-971A-9036224578E4}.Debug|Any CPU.Build.0 = Debug|Any CPU
		{959F7F85-C98B-4876-971A-9036224578E4}.Release|Any CPU.ActiveCfg = Release|Any CPU
		{959F7F85-C98B-4876-971A-9036224578E4}.Release|Any CPU.Build.0 = Release|Any CPU
		{3E6E2335-B079-4B5B-A65A-9D586914BCBB}.Debug|Any CPU.ActiveCfg = Debug|Any CPU
		{3E6E2335-B079-4B5B-A65A-9D586914BCBB}.Debug|Any CPU.Build.0 = Debug|Any CPU
		{3E6E2335-B079-4B5B-A65A-9D586914BCBB}.Release|Any CPU.ActiveCfg = Release|Any CPU
		{3E6E2335-B079-4B5B-A65A-9D586914BCBB}.Release|Any CPU.Build.0 = Release|Any CPU
	EndGlobalSection
	GlobalSection(SolutionProperties) = preSolution
		HideSolutionNode = FALSE
	EndGlobalSection
EndGlobal
